
Microsoft Visual Studio Solution File, Format Version 12.00
# Visual Studio 15
VisualStudioVersion = 15.0.28307.1433
MinimumVisualStudioVersion = 10.0.40219.1
Project("{FAE04EC0-301F-11D3-BF4B-00C04F79EFBC}") = "Media3", "Media3\Media3.csproj", "{AF14DD11-693E-4DBD-8AE7-61077367CF3A}"
EndProject
Global
	GlobalSection(SolutionConfigurationPlatforms) = preSolution
		Debug|Any CPU = Debug|Any CPU
		Release|Any CPU = Release|Any CPU
	EndGlobalSection
	GlobalSection(ProjectConfigurationPlatforms) = postSolution
		{AF14DD11-693E-4DBD-8AE7-61077367CF3A}.Debug|Any CPU.ActiveCfg = Debug|Any CPU
		{AF14DD11-693E-4DBD-8AE7-61077367CF3A}.Debug|Any CPU.Build.0 = Debug|Any CPU
		{AF14DD11-693E-4DBD-8AE7-61077367CF3A}.Release|Any CPU.ActiveCfg = Release|Any CPU
		{AF14DD11-693E-4DBD-8AE7-61077367CF3A}.Release|Any CPU.Build.0 = Release|Any CPU
	EndGlobalSection
	GlobalSection(SolutionProperties) = preSolution
		HideSolutionNode = FALSE
	EndGlobalSection
	GlobalSection(ExtensibilityGlobals) = postSolution
		SolutionGuid = {7BF1BEF2-E2DE-42FA-BE7E-E8996789001D}
	EndGlobalSection
EndGlobal
